
Microsoft Visual Studio Solution File, Format Version 12.00
# Visual Studio Version 17
VisualStudioVersion = 17.2.32602.215
MinimumVisualStudioVersion = 10.0.40219.1
Project("{FAE04EC0-301F-11D3-BF4B-00C04F79EFBC}") = "ClassMetotDemo", "ClassMetotDemo\ClassMetotDemo.csproj", "{1381377A-EB72-427F-B80B-D8472136CEAC}"
EndProject
Global
	GlobalSection(SolutionConfigurationPlatforms) = preSolution
		Debug|Any CPU = Debug|Any CPU
		Release|Any CPU = Release|Any CPU
	EndGlobalSection
	GlobalSection(ProjectConfigurationPlatforms) = postSolution
		{1381377A-EB72-427F-B80B-D8472136CEAC}.Debug|Any CPU.ActiveCfg = Debug|Any CPU
		{1381377A-EB72-427F-B80B-D8472136CEAC}.Debug|Any CPU.Build.0 = Debug|Any CPU
		{1381377A-EB72-427F-B80B-D8472136CEAC}.Release|Any CPU.ActiveCfg = Release|Any CPU
		{1381377A-EB72-427F-B80B-D8472136CEAC}.Release|Any CPU.Build.0 = Release|Any CPU
	EndGlobalSection
	GlobalSection(SolutionProperties) = preSolution
		HideSolutionNode = FALSE
	EndGlobalSection
	GlobalSection(ExtensibilityGlobals) = postSolution
		SolutionGuid = {7F23D2B0-5717-4913-815B-B910CDF604A5}
	EndGlobalSection
EndGlobal
